
Microsoft Visual Studio Solution File, Format Version 12.00
# Visual Studio Version 17
VisualStudioVersion = 17.8.34330.188
MinimumVisualStudioVersion = 10.0.40219.1
Project("{8BC9CEB8-8B4A-11D0-8D11-00A0C91BC942}") = "Project3", "Project3\Project3.vcxproj", "{84AEBF62-92C1-425E-B462-726E32EB5F2B}"
EndProject
Global
	GlobalSection(SolutionConfigurationPlatforms) = preSolution
		Debug|x64 = Debug|x64
		Debug|x86 = Debug|x86
		Release|x64 = Release|x64
		Release|x86 = Release|x86
	EndGlobalSection
	GlobalSection(ProjectConfigurationPlatforms) = postSolution
		{84AEBF62-92C1-425E-B462-726E32EB5F2B}.Debug|x64.ActiveCfg = Debug|x64
		{84AEBF62-92C1-425E-B462-726E32EB5F2B}.Debug|x64.Build.0 = Debug|x64
		{84AEBF62-92C1-425E-B462-726E32EB5F2B}.Debug|x86.ActiveCfg = Debug|Win32
		{84AEBF62-92C1-425E-B462-726E32EB5F2B}.Debug|x86.Build.0 = Debug|Win32
		{84AEBF62-92C1-425E-B462-726E32EB5F2B}.Release|x64.ActiveCfg = Release|x64
		{84AEBF62-92C1-425E-B462-726E32EB5F2B}.Release|x64.Build.0 = Release|x64
		{84AEBF62-92C1-425E-B462-726E32EB5F2B}.Release|x86.ActiveCfg = Release|Win32
		{84AEBF62-92C1-425E-B462-726E32EB5F2B}.Release|x86.Build.0 = Release|Win32
	EndGlobalSection
	GlobalSection(SolutionProperties) = preSolution
		HideSolutionNode = FALSE
	EndGlobalSection
	GlobalSection(ExtensibilityGlobals) = postSolution
		SolutionGuid = {3E1F0D50-751C-4A07-8860-CA70C4A8ACD5}
	EndGlobalSection
EndGlobal
